
Microsoft Visual Studio Solution File, Format Version 12.00
# Visual Studio Version 17
VisualStudioVersion = 17.9.34902.65
MinimumVisualStudioVersion = 10.0.40219.1
Project("{FAE04EC0-301F-11D3-BF4B-00C04F79EFBC}") = "GitHubActions", "GitHubActions.csproj", "{B00D1DCB-51B1-4B97-BC4D-26A55D3A8759}"
EndProject
Global
	GlobalSection(SolutionConfigurationPlatforms) = preSolution
		Debug|Any CPU = Debug|Any CPU
		Release|Any CPU = Release|Any CPU
	EndGlobalSection
	GlobalSection(ProjectConfigurationPlatforms) = postSolution
		{B00D1DCB-51B1-4B97-BC4D-26A55D3A8759}.Debug|Any CPU.ActiveCfg = Debug|Any CPU
		{B00D1DCB-51B1-4B97-BC4D-26A55D3A8759}.Debug|Any CPU.Build.0 = Debug|Any CPU
		{B00D1DCB-51B1-4B97-BC4D-26A55D3A8759}.Release|Any CPU.ActiveCfg = Release|Any CPU
		{B00D1DCB-51B1-4B97-BC4D-26A55D3A8759}.Release|Any CPU.Build.0 = Release|Any CPU
	EndGlobalSection
	GlobalSection(SolutionProperties) = preSolution
		HideSolutionNode = FALSE
	EndGlobalSection
	GlobalSection(ExtensibilityGlobals) = postSolution
		SolutionGuid = {3CE65CA7-28FF-4138-8D06-F85178D38AFE}
	EndGlobalSection
EndGlobal
